
Microsoft Visual Studio Solution File, Format Version 12.00
# Visual Studio Version 16
VisualStudioVersion = 16.0.31205.134
MinimumVisualStudioVersion = 10.0.40219.1
Project("{FAE04EC0-301F-11D3-BF4B-00C04F79EFBC}") = "APP_Desktop", "APP_Desktop\APP_Desktop.csproj", "{17EFC010-81D1-4101-A64F-AFACF32C7BD0}"
EndProject
Project("{FAE04EC0-301F-11D3-BF4B-00C04F79EFBC}") = "Clases", "Clases\Clases.csproj", "{73FA3E29-593B-47D3-9514-06B4F10E87A7}"
EndProject
Global
	GlobalSection(SolutionConfigurationPlatforms) = preSolution
		Debug|Any CPU = Debug|Any CPU
		Release|Any CPU = Release|Any CPU
	EndGlobalSection
	GlobalSection(ProjectConfigurationPlatforms) = postSolution
		{17EFC010-81D1-4101-A64F-AFACF32C7BD0}.Debug|Any CPU.ActiveCfg = Debug|Any CPU
		{17EFC010-81D1-4101-A64F-AFACF32C7BD0}.Debug|Any CPU.Build.0 = Debug|Any CPU
		{17EFC010-81D1-4101-A64F-AFACF32C7BD0}.Release|Any CPU.ActiveCfg = Release|Any CPU
		{17EFC010-81D1-4101-A64F-AFACF32C7BD0}.Release|Any CPU.Build.0 = Release|Any CPU
		{73FA3E29-593B-47D3-9514-06B4F10E87A7}.Debug|Any CPU.ActiveCfg = Debug|Any CPU
		{73FA3E29-593B-47D3-9514-06B4F10E87A7}.Debug|Any CPU.Build.0 = Debug|Any CPU
		{73FA3E29-593B-47D3-9514-06B4F10E87A7}.Release|Any CPU.ActiveCfg = Release|Any CPU
		{73FA3E29-593B-47D3-9514-06B4F10E87A7}.Release|Any CPU.Build.0 = Release|Any CPU
	EndGlobalSection
	GlobalSection(SolutionProperties) = preSolution
		HideSolutionNode = FALSE
	EndGlobalSection
	GlobalSection(ExtensibilityGlobals) = postSolution
		SolutionGuid = {6ACD47ED-48FC-4A33-B6DC-11732E2CDE8D}
	EndGlobalSection
EndGlobal
